
Microsoft Visual Studio Solution File, Format Version 12.00
# Visual Studio Version 17
VisualStudioVersion = 17.8.34316.72
MinimumVisualStudioVersion = 10.0.40219.1
Project("{FAE04EC0-301F-11D3-BF4B-00C04F79EFBC}") = "ettermi_rendeles", "ettermi_rendeles\ettermi_rendeles.csproj", "{DCDCFE09-E9DF-49DD-9ADA-4C574FD92D59}"
EndProject
Global
	GlobalSection(SolutionConfigurationPlatforms) = preSolution
		Debug|Any CPU = Debug|Any CPU
		Release|Any CPU = Release|Any CPU
	EndGlobalSection
	GlobalSection(ProjectConfigurationPlatforms) = postSolution
		{DCDCFE09-E9DF-49DD-9ADA-4C574FD92D59}.Debug|Any CPU.ActiveCfg = Debug|Any CPU
		{DCDCFE09-E9DF-49DD-9ADA-4C574FD92D59}.Debug|Any CPU.Build.0 = Debug|Any CPU
		{DCDCFE09-E9DF-49DD-9ADA-4C574FD92D59}.Release|Any CPU.ActiveCfg = Release|Any CPU
		{DCDCFE09-E9DF-49DD-9ADA-4C574FD92D59}.Release|Any CPU.Build.0 = Release|Any CPU
	EndGlobalSection
	GlobalSection(SolutionProperties) = preSolution
		HideSolutionNode = FALSE
	EndGlobalSection
	GlobalSection(ExtensibilityGlobals) = postSolution
		SolutionGuid = {6F880500-6844-45B8-9AB5-2866F8C1D952}
	EndGlobalSection
EndGlobal
